
Microsoft Visual Studio Solution File, Format Version 12.00
# Visual Studio Version 17
VisualStudioVersion = 17.1.32328.378
MinimumVisualStudioVersion = 10.0.40219.1
Project("{9A19103F-16F7-4668-BE54-9A1E7A4F7556}") = "AirsoftServer", "AirsoftServer.csproj", "{97FE6ED2-B270-487F-94A3-6B12FF7F38BB}"
EndProject
Project("{2150E333-8FDC-42A3-9474-1A3956D46DE8}") = "Data", "Data", "{AE82E53B-8233-4FF2-963E-D56D4AB536C7}"
EndProject
Project("{9A19103F-16F7-4668-BE54-9A1E7A4F7556}") = "Data", "..\Data\Data.csproj", "{E636BC25-CF6B-42E4-AD3A-050DE703A673}"
EndProject
Project("{9A19103F-16F7-4668-BE54-9A1E7A4F7556}") = "Models", "..\Models\Models.csproj", "{AA4BEF12-5542-4949-BF2E-AEDEC458EB58}"
EndProject
Project("{2150E333-8FDC-42A3-9474-1A3956D46DE8}") = "Common", "Common", "{A1BC277C-2BF0-42AB-A42E-9B59198B66CF}"
EndProject
Project("{9A19103F-16F7-4668-BE54-9A1E7A4F7556}") = "GlobalConstants", "..\GlobalConstants\GlobalConstants.csproj", "{56D2086D-FE9C-4594-99DB-69EF50D2DA97}"
EndProject
Project("{FAE04EC0-301F-11D3-BF4B-00C04F79EFBC}") = "Common", "..\Common\Common.csproj", "{3A150395-37E0-4E8B-89D0-48118D79C2AB}"
EndProject
Global
	GlobalSection(SolutionConfigurationPlatforms) = preSolution
		Debug|Any CPU = Debug|Any CPU
		Release|Any CPU = Release|Any CPU
	EndGlobalSection
	GlobalSection(ProjectConfigurationPlatforms) = postSolution
		{97FE6ED2-B270-487F-94A3-6B12FF7F38BB}.Debug|Any CPU.ActiveCfg = Debug|Any CPU
		{97FE6ED2-B270-487F-94A3-6B12FF7F38BB}.Debug|Any CPU.Build.0 = Debug|Any CPU
		{97FE6ED2-B270-487F-94A3-6B12FF7F38BB}.Release|Any CPU.ActiveCfg = Release|Any CPU
		{97FE6ED2-B270-487F-94A3-6B12FF7F38BB}.Release|Any CPU.Build.0 = Release|Any CPU
		{E636BC25-CF6B-42E4-AD3A-050DE703A673}.Debug|Any CPU.ActiveCfg = Debug|Any CPU
		{E636BC25-CF6B-42E4-AD3A-050DE703A673}.Debug|Any CPU.Build.0 = Debug|Any CPU
		{E636BC25-CF6B-42E4-AD3A-050DE703A673}.Release|Any CPU.ActiveCfg = Release|Any CPU
		{E636BC25-CF6B-42E4-AD3A-050DE703A673}.Release|Any CPU.Build.0 = Release|Any CPU
		{AA4BEF12-5542-4949-BF2E-AEDEC458EB58}.Debug|Any CPU.ActiveCfg = Debug|Any CPU
		{AA4BEF12-5542-4949-BF2E-AEDEC458EB58}.Debug|Any CPU.Build.0 = Debug|Any CPU
		{AA4BEF12-5542-4949-BF2E-AEDEC458EB58}.Release|Any CPU.ActiveCfg = Release|Any CPU
		{AA4BEF12-5542-4949-BF2E-AEDEC458EB58}.Release|Any CPU.Build.0 = Release|Any CPU
		{56D2086D-FE9C-4594-99DB-69EF50D2DA97}.Debug|Any CPU.ActiveCfg = Debug|Any CPU
		{56D2086D-FE9C-4594-99DB-69EF50D2DA97}.Debug|Any CPU.Build.0 = Debug|Any CPU
		{56D2086D-FE9C-4594-99DB-69EF50D2DA97}.Release|Any CPU.ActiveCfg = Release|Any CPU
		{56D2086D-FE9C-4594-99DB-69EF50D2DA97}.Release|Any CPU.Build.0 = Release|Any CPU
		{3A150395-37E0-4E8B-89D0-48118D79C2AB}.Debug|Any CPU.ActiveCfg = Debug|Any CPU
		{3A150395-37E0-4E8B-89D0-48118D79C2AB}.Debug|Any CPU.Build.0 = Debug|Any CPU
		{3A150395-37E0-4E8B-89D0-48118D79C2AB}.Release|Any CPU.ActiveCfg = Release|Any CPU
		{3A150395-37E0-4E8B-89D0-48118D79C2AB}.Release|Any CPU.Build.0 = Release|Any CPU
	EndGlobalSection
	GlobalSection(SolutionProperties) = preSolution
		HideSolutionNode = FALSE
	EndGlobalSection
	GlobalSection(NestedProjects) = preSolution
		{E636BC25-CF6B-42E4-AD3A-050DE703A673} = {AE82E53B-8233-4FF2-963E-D56D4AB536C7}
		{AA4BEF12-5542-4949-BF2E-AEDEC458EB58} = {AE82E53B-8233-4FF2-963E-D56D4AB536C7}
		{56D2086D-FE9C-4594-99DB-69EF50D2DA97} = {A1BC277C-2BF0-42AB-A42E-9B59198B66CF}
		{3A150395-37E0-4E8B-89D0-48118D79C2AB} = {AE82E53B-8233-4FF2-963E-D56D4AB536C7}
	EndGlobalSection
	GlobalSection(ExtensibilityGlobals) = postSolution
		SolutionGuid = {E649B717-CED8-4538-968F-54F0E6A29DDA}
	EndGlobalSection
EndGlobal
